
Microsoft Visual Studio Solution File, Format Version 12.00
# Visual Studio Version 16
VisualStudioVersion = 16.0.30717.126
MinimumVisualStudioVersion = 10.0.40219.1
Project("{FAE04EC0-301F-11D3-BF4B-00C04F79EFBC}") = "DesignPattern", "DesignPattern.csproj", "{140E777B-BB47-46F9-B945-28D7BE0C2F83}"
EndProject
Global
	GlobalSection(SolutionConfigurationPlatforms) = preSolution
		Debug|Any CPU = Debug|Any CPU
		Release|Any CPU = Release|Any CPU
	EndGlobalSection
	GlobalSection(ProjectConfigurationPlatforms) = postSolution
		{140E777B-BB47-46F9-B945-28D7BE0C2F83}.Debug|Any CPU.ActiveCfg = Debug|Any CPU
		{140E777B-BB47-46F9-B945-28D7BE0C2F83}.Debug|Any CPU.Build.0 = Debug|Any CPU
		{140E777B-BB47-46F9-B945-28D7BE0C2F83}.Release|Any CPU.ActiveCfg = Release|Any CPU
		{140E777B-BB47-46F9-B945-28D7BE0C2F83}.Release|Any CPU.Build.0 = Release|Any CPU
	EndGlobalSection
	GlobalSection(SolutionProperties) = preSolution
		HideSolutionNode = FALSE
	EndGlobalSection
	GlobalSection(ExtensibilityGlobals) = postSolution
		SolutionGuid = {D802F46E-5E55-41C6-BC29-A955BC3B5218}
	EndGlobalSection
EndGlobal
